{
  "name": "portfolio",
  "lockfileVersion": 3,
  "requires": true,
  "packages": {
    "": {
      "dependencies": {
        "@prisma/client": "^7.4.0"
      }
    },
    "node_modules/@prisma/client": {
      "version": "7.4.0",
      "resolved": "https://registry.npmjs.org/@prisma/client/-/client-7.4.0.tgz",
      "integrity": "sha512-Sc+ncr7+ph1hMf1LQfn6UyEXDEamCd5pXMsx8Q3SBH0NGX+zjqs3eaABt9hXwbcK9l7f8UyK8ldxOWA2LyPynQ==",
      "license": "Apache-2.0",
      "dependencies": {
        "@prisma/client-runtime-utils": "7.4.0"
      },
      "engines": {
        "node": "^20.19 || ^22.12 || >=24.0"
      },
      "peerDependencies": {
        "prisma": "*",
        "typescript": ">=5.4.0"
      },
      "peerDependenciesMeta": {
        "prisma": {
          "optional": true
        },
        "typescript": {
          "optional": true
        }
      }
    },
    "node_modules/@prisma/client-runtime-utils": {
      "version": "7.4.0",
      "resolved": "https://registry.npmjs.org/@prisma/client-runtime-utils/-/client-runtime-utils-7.4.0.tgz",
      "integrity": "sha512-jTmWAOBGBSCT8n7SMbpjCpHjELgcDW9GNP/CeK6CeqjUFlEL6dn8Cl81t/NBDjJdXDm85XDJmc+PEQqqQee3xw==",
      "license": "Apache-2.0"
    }
  }
}
